
Microsoft Visual Studio Solution File, Format Version 12.00
# Visual Studio Version 17
VisualStudioVersion = 17.8.34322.80
MinimumVisualStudioVersion = 10.0.40219.1
Project("{9A19103F-16F7-4668-BE54-9A1E7A4F7556}") = "University_System", "University_System\University_System.csproj", "{79F019BE-D03C-412B-B39A-1F6C0873626F}"
EndProject
Global
	GlobalSection(SolutionConfigurationPlatforms) = preSolution
		Debug|Any CPU = Debug|Any CPU
		Release|Any CPU = Release|Any CPU
	EndGlobalSection
	GlobalSection(ProjectConfigurationPlatforms) = postSolution
		{79F019BE-D03C-412B-B39A-1F6C0873626F}.Debug|Any CPU.ActiveCfg = Debug|Any CPU
		{79F019BE-D03C-412B-B39A-1F6C0873626F}.Debug|Any CPU.Build.0 = Debug|Any CPU
		{79F019BE-D03C-412B-B39A-1F6C0873626F}.Release|Any CPU.ActiveCfg = Release|Any CPU
		{79F019BE-D03C-412B-B39A-1F6C0873626F}.Release|Any CPU.Build.0 = Release|Any CPU
	EndGlobalSection
	GlobalSection(SolutionProperties) = preSolution
		HideSolutionNode = FALSE
	EndGlobalSection
	GlobalSection(ExtensibilityGlobals) = postSolution
		SolutionGuid = {3A583807-93E6-40BD-8C63-0BF68CDC1C4A}
	EndGlobalSection
EndGlobal
